
Microsoft Visual Studio Solution File, Format Version 12.00
# Visual Studio 2012
Project("{FAE04EC0-301F-11D3-BF4B-00C04F79EFBC}") = "CacheControlWithoutMaxAgeTest", "CacheControlWithoutMaxAgeTest\CacheControlWithoutMaxAgeTest.csproj", "{BA2F60D3-682B-4F05-BD2C-0A445C236C55}"
EndProject
Global
	GlobalSection(SolutionConfigurationPlatforms) = preSolution
		Debug|Any CPU = Debug|Any CPU
		Release|Any CPU = Release|Any CPU
	EndGlobalSection
	GlobalSection(ProjectConfigurationPlatforms) = postSolution
		{BA2F60D3-682B-4F05-BD2C-0A445C236C55}.Debug|Any CPU.ActiveCfg = Debug|Any CPU
		{BA2F60D3-682B-4F05-BD2C-0A445C236C55}.Debug|Any CPU.Build.0 = Debug|Any CPU
		{BA2F60D3-682B-4F05-BD2C-0A445C236C55}.Release|Any CPU.ActiveCfg = Release|Any CPU
		{BA2F60D3-682B-4F05-BD2C-0A445C236C55}.Release|Any CPU.Build.0 = Release|Any CPU
	EndGlobalSection
	GlobalSection(SolutionProperties) = preSolution
		HideSolutionNode = FALSE
	EndGlobalSection
EndGlobal
